{
    "_meta": {
        "hash": {
            "sha256": "5a676f7290b9ee6331423ae267a1a4f0f1c3d9f7d72c244dde70fe28d5d0975f"
        },
        "pipfile-spec": 6,
        "requires": {
            "python_full_version": "3.12.0",
            "python_version": "3.12"
        },
        "sources": [
            {
                "name": "pypi",
                "url": "https://pypi.org/simple",
                "verify_ssl": true
            }
        ]
    },
    "default": {
        "redis": {
            "hashes": [
                "sha256:b01bc7282b8444e28ec36b261df5375183bb47a07eb9c603f284e89cbc5ef010",
                "sha256:f0544fa9604264e9464cdf4814e7d4830f74b165d52f2a330a760a88dd248b7f"
            ],
            "index": "pypi",
            "markers": "python_version >= '3.9'",
            "version": "==6.4.0"
        }
    },
    "develop": {}
}
